
Microsoft Visual Studio Solution File, Format Version 12.00
# Visual Studio Version 17
VisualStudioVersion = 17.14.37012.4
MinimumVisualStudioVersion = 10.0.40219.1
Project("{FAE04EC0-301F-11D3-BF4B-00C04F79EFBC}") = "MaxIndependentSet", "MaxIndependentSet\MaxIndependentSet.csproj", "{255D87C9-E2A2-479A-CE49-E333620042C5}"
EndProject
Global
	GlobalSection(SolutionConfigurationPlatforms) = preSolution
		Debug|Any CPU = Debug|Any CPU
		Release|Any CPU = Release|Any CPU
	EndGlobalSection
	GlobalSection(ProjectConfigurationPlatforms) = postSolution
		{255D87C9-E2A2-479A-CE49-E333620042C5}.Debug|Any CPU.ActiveCfg = Debug|Any CPU
		{255D87C9-E2A2-479A-CE49-E333620042C5}.Debug|Any CPU.Build.0 = Debug|Any CPU
		{255D87C9-E2A2-479A-CE49-E333620042C5}.Release|Any CPU.ActiveCfg = Release|Any CPU
		{255D87C9-E2A2-479A-CE49-E333620042C5}.Release|Any CPU.Build.0 = Release|Any CPU
	EndGlobalSection
	GlobalSection(SolutionProperties) = preSolution
		HideSolutionNode = FALSE
	EndGlobalSection
	GlobalSection(ExtensibilityGlobals) = postSolution
		SolutionGuid = {F295E139-8378-4374-991C-EFF6E32D6718}
	EndGlobalSection
EndGlobal
